
Microsoft Visual Studio Solution File, Format Version 12.00
# Visual Studio Version 16
VisualStudioVersion = 16.0.36107.64
MinimumVisualStudioVersion = 10.0.40219.1
Project("{FAE04EC0-301F-11D3-BF4B-00C04F79EFBC}") = "SGM_College_Addmission_App", "WindowsFormsApp1\SGM_College_Addmission_App.csproj", "{8AD979F5-5697-4FCF-96D2-C666A1B47B10}"
EndProject
Global
	GlobalSection(SolutionConfigurationPlatforms) = preSolution
		Debug|Any CPU = Debug|Any CPU
		Release|Any CPU = Release|Any CPU
	EndGlobalSection
	GlobalSection(ProjectConfigurationPlatforms) = postSolution
		{8AD979F5-5697-4FCF-96D2-C666A1B47B10}.Debug|Any CPU.ActiveCfg = Debug|Any CPU
		{8AD979F5-5697-4FCF-96D2-C666A1B47B10}.Debug|Any CPU.Build.0 = Debug|Any CPU
		{8AD979F5-5697-4FCF-96D2-C666A1B47B10}.Release|Any CPU.ActiveCfg = Release|Any CPU
		{8AD979F5-5697-4FCF-96D2-C666A1B47B10}.Release|Any CPU.Build.0 = Release|Any CPU
	EndGlobalSection
	GlobalSection(SolutionProperties) = preSolution
		HideSolutionNode = FALSE
	EndGlobalSection
	GlobalSection(ExtensibilityGlobals) = postSolution
		SolutionGuid = {6876B1DD-3568-4114-99A9-5B90E73C0C95}
	EndGlobalSection
EndGlobal
