
Microsoft Visual Studio Solution File, Format Version 12.00
# Visual Studio Version 16
VisualStudioVersion = 16.0.36107.64
MinimumVisualStudioVersion = 10.0.40219.1
Project("{FAE04EC0-301F-11D3-BF4B-00C04F79EFBC}") = "Employeee_Application", "Employeee_Application\Employeee_Application.csproj", "{8D7EC577-BC79-4EC6-882B-02640678BD28}"
EndProject
Global
	GlobalSection(SolutionConfigurationPlatforms) = preSolution
		Debug|Any CPU = Debug|Any CPU
		Release|Any CPU = Release|Any CPU
	EndGlobalSection
	GlobalSection(ProjectConfigurationPlatforms) = postSolution
		{8D7EC577-BC79-4EC6-882B-02640678BD28}.Debug|Any CPU.ActiveCfg = Debug|Any CPU
		{8D7EC577-BC79-4EC6-882B-02640678BD28}.Debug|Any CPU.Build.0 = Debug|Any CPU
		{8D7EC577-BC79-4EC6-882B-02640678BD28}.Release|Any CPU.ActiveCfg = Release|Any CPU
		{8D7EC577-BC79-4EC6-882B-02640678BD28}.Release|Any CPU.Build.0 = Release|Any CPU
	EndGlobalSection
	GlobalSection(SolutionProperties) = preSolution
		HideSolutionNode = FALSE
	EndGlobalSection
	GlobalSection(ExtensibilityGlobals) = postSolution
		SolutionGuid = {4776DC3F-50E2-4C52-A4A2-ACD0CE0898A0}
	EndGlobalSection
EndGlobal
